
Microsoft Visual Studio Solution File, Format Version 12.00
# Visual Studio 15
VisualStudioVersion = 15.0.26730.16
MinimumVisualStudioVersion = 10.0.40219.1
Project("{9A19103F-16F7-4668-BE54-9A1E7A4F7556}") = "Carrot", "Carrot\Carrot.csproj", "{2FD49DFC-9896-4134-ADA3-EEB5498EE8B9}"
EndProject
Project("{9A19103F-16F7-4668-BE54-9A1E7A4F7556}") = "Carrot.Tests", "Carrot.Tests\Carrot.Tests.csproj", "{9C36C932-2AD0-443D-9114-2C1CF69E9856}"
EndProject
Project("{2150E333-8FDC-42A3-9474-1A3956D46DE8}") = "contrib", "contrib", "{E87AAB7A-BA64-4977-867D-89C1DD17C7C7}"
EndProject
Project("{2150E333-8FDC-42A3-9474-1A3956D46DE8}") = "logging", "logging", "{0D082319-44EC-4AB5-8BD5-B97C8BFDCCB0}"
EndProject
Project("{9A19103F-16F7-4668-BE54-9A1E7A4F7556}") = "Carrot.NLog", "Carrot.NLog\Carrot.NLog.csproj", "{B7F17E24-8A22-43B2-8E1A-0BAB13CDEC22}"
EndProject
Project("{9A19103F-16F7-4668-BE54-9A1E7A4F7556}") = "Carrot.log4net", "Carrot.log4net\Carrot.log4net.csproj", "{C4ED0D57-6EB7-4498-9FBA-E7FFD6FC9B9F}"
EndProject
Project("{2150E333-8FDC-42A3-9474-1A3956D46DE8}") = "samples", "samples", "{6D68D9FB-A6F8-461A-84A7-F44D05BD7F84}"
EndProject
Project("{9A19103F-16F7-4668-BE54-9A1E7A4F7556}") = "Carrot.BasicSample", "Carrot.BasicSample\Carrot.BasicSample.csproj", "{A3E72B2E-77D9-4C18-824B-B9A4C52EDD05}"
EndProject
Project("{9A19103F-16F7-4668-BE54-9A1E7A4F7556}") = "Carrot.Benchmarks", "Carrot.Benchmarks\Carrot.Benchmarks.csproj", "{4464D238-2B01-49F3-AE1F-31043B71D2C9}"
EndProject
Project("{9A19103F-16F7-4668-BE54-9A1E7A4F7556}") = "Carrot.RpcSample", "Carrot.RpcSample\Carrot.RpcSample.csproj", "{48B1014F-E8FE-40EC-91ED-B9F8AC960DBC}"
EndProject
Project("{2150E333-8FDC-42A3-9474-1A3956D46DE8}") = "Solution items", "Solution items", "{5B1FF2EE-B620-481A-B5D6-1698C57D8B52}"
	ProjectSection(SolutionItems) = preProject
		..\.gitignore = ..\.gitignore
		..\LICENSE.txt = ..\LICENSE.txt
		..\README.md = ..\README.md
	EndProjectSection
EndProject
Global
	GlobalSection(SolutionConfigurationPlatforms) = preSolution
		Debug|Any CPU = Debug|Any CPU
		Release|Any CPU = Release|Any CPU
	EndGlobalSection
	GlobalSection(ProjectConfigurationPlatforms) = postSolution
		{2FD49DFC-9896-4134-ADA3-EEB5498EE8B9}.Debug|Any CPU.ActiveCfg = Debug|Any CPU
		{2FD49DFC-9896-4134-ADA3-EEB5498EE8B9}.Debug|Any CPU.Build.0 = Debug|Any CPU
		{2FD49DFC-9896-4134-ADA3-EEB5498EE8B9}.Release|Any CPU.ActiveCfg = Release|Any CPU
		{2FD49DFC-9896-4134-ADA3-EEB5498EE8B9}.Release|Any CPU.Build.0 = Release|Any CPU
		{9C36C932-2AD0-443D-9114-2C1CF69E9856}.Debug|Any CPU.ActiveCfg = Debug|Any CPU
		{9C36C932-2AD0-443D-9114-2C1CF69E9856}.Debug|Any CPU.Build.0 = Debug|Any CPU
		{9C36C932-2AD0-443D-9114-2C1CF69E9856}.Release|Any CPU.ActiveCfg = Release|Any CPU
		{9C36C932-2AD0-443D-9114-2C1CF69E9856}.Release|Any CPU.Build.0 = Release|Any CPU
		{B7F17E24-8A22-43B2-8E1A-0BAB13CDEC22}.Debug|Any CPU.ActiveCfg = Debug|Any CPU
		{B7F17E24-8A22-43B2-8E1A-0BAB13CDEC22}.Debug|Any CPU.Build.0 = Debug|Any CPU
		{B7F17E24-8A22-43B2-8E1A-0BAB13CDEC22}.Release|Any CPU.ActiveCfg = Release|Any CPU
		{B7F17E24-8A22-43B2-8E1A-0BAB13CDEC22}.Release|Any CPU.Build.0 = Release|Any CPU
		{C4ED0D57-6EB7-4498-9FBA-E7FFD6FC9B9F}.Debug|Any CPU.ActiveCfg = Debug|Any CPU
		{C4ED0D57-6EB7-4498-9FBA-E7FFD6FC9B9F}.Debug|Any CPU.Build.0 = Debug|Any CPU
		{C4ED0D57-6EB7-4498-9FBA-E7FFD6FC9B9F}.Release|Any CPU.ActiveCfg = Release|Any CPU
		{C4ED0D57-6EB7-4498-9FBA-E7FFD6FC9B9F}.Release|Any CPU.Build.0 = Release|Any CPU
		{A3E72B2E-77D9-4C18-824B-B9A4C52EDD05}.Debug|Any CPU.ActiveCfg = Debug|Any CPU
		{A3E72B2E-77D9-4C18-824B-B9A4C52EDD05}.Debug|Any CPU.Build.0 = Debug|Any CPU
		{A3E72B2E-77D9-4C18-824B-B9A4C52EDD05}.Release|Any CPU.ActiveCfg = Release|Any CPU
		{A3E72B2E-77D9-4C18-824B-B9A4C52EDD05}.Release|Any CPU.Build.0 = Release|Any CPU
		{4464D238-2B01-49F3-AE1F-31043B71D2C9}.Debug|Any CPU.ActiveCfg = Debug|Any CPU
		{4464D238-2B01-49F3-AE1F-31043B71D2C9}.Debug|Any CPU.Build.0 = Debug|Any CPU
		{4464D238-2B01-49F3-AE1F-31043B71D2C9}.Release|Any CPU.ActiveCfg = Release|Any CPU
		{4464D238-2B01-49F3-AE1F-31043B71D2C9}.Release|Any CPU.Build.0 = Release|Any CPU
		{48B1014F-E8FE-40EC-91ED-B9F8AC960DBC}.Debug|Any CPU.ActiveCfg = Debug|Any CPU
		{48B1014F-E8FE-40EC-91ED-B9F8AC960DBC}.Debug|Any CPU.Build.0 = Debug|Any CPU
		{48B1014F-E8FE-40EC-91ED-B9F8AC960DBC}.Release|Any CPU.ActiveCfg = Release|Any CPU
		{48B1014F-E8FE-40EC-91ED-B9F8AC960DBC}.Release|Any CPU.Build.0 = Release|Any CPU
	EndGlobalSection
	GlobalSection(SolutionProperties) = preSolution
		HideSolutionNode = FALSE
	EndGlobalSection
	GlobalSection(NestedProjects) = preSolution
		{0D082319-44EC-4AB5-8BD5-B97C8BFDCCB0} = {E87AAB7A-BA64-4977-867D-89C1DD17C7C7}
		{B7F17E24-8A22-43B2-8E1A-0BAB13CDEC22} = {0D082319-44EC-4AB5-8BD5-B97C8BFDCCB0}
		{C4ED0D57-6EB7-4498-9FBA-E7FFD6FC9B9F} = {0D082319-44EC-4AB5-8BD5-B97C8BFDCCB0}
		{6D68D9FB-A6F8-461A-84A7-F44D05BD7F84} = {5B1FF2EE-B620-481A-B5D6-1698C57D8B52}
		{A3E72B2E-77D9-4C18-824B-B9A4C52EDD05} = {6D68D9FB-A6F8-461A-84A7-F44D05BD7F84}
		{4464D238-2B01-49F3-AE1F-31043B71D2C9} = {6D68D9FB-A6F8-461A-84A7-F44D05BD7F84}
		{48B1014F-E8FE-40EC-91ED-B9F8AC960DBC} = {6D68D9FB-A6F8-461A-84A7-F44D05BD7F84}
	EndGlobalSection
	GlobalSection(ExtensibilityGlobals) = postSolution
		SolutionGuid = {12239951-1ADC-404C-BB3A-BDD8922AB082}
	EndGlobalSection
EndGlobal
