
Microsoft Visual Studio Solution File, Format Version 12.00
# Visual Studio 2013
VisualStudioVersion = 12.0.40629.0
MinimumVisualStudioVersion = 10.0.40219.1
Project("{FAE04EC0-301F-11D3-BF4B-00C04F79EFBC}") = "Carrot", "Carrot\Carrot.csproj", "{0C4F49E6-F192-4846-A489-9AA73D57B13D}"
EndProject
Project("{FAE04EC0-301F-11D3-BF4B-00C04F79EFBC}") = "Carrot.Tests", "Carrot.Tests\Carrot.Tests.csproj", "{8A2BFFB3-5189-4A7B-A032-17BBFCC4E93C}"
EndProject
Project("{2150E333-8FDC-42A3-9474-1A3956D46DE8}") = ".nuget", ".nuget", "{FCBF01C9-731B-4C3F-A64C-A045D0DC32ED}"
	ProjectSection(SolutionItems) = preProject
		.nuget\NuGet.Config = .nuget\NuGet.Config
		.nuget\NuGet.exe = .nuget\NuGet.exe
		.nuget\NuGet.targets = .nuget\NuGet.targets
	EndProjectSection
EndProject
Project("{2150E333-8FDC-42A3-9474-1A3956D46DE8}") = "Solution items", "Solution items", "{684A9AC5-4E09-49CA-B18F-37D04356E2F5}"
	ProjectSection(SolutionItems) = preProject
		CommonAssemblyInfo.cs = CommonAssemblyInfo.cs
		..\README.md = ..\README.md
	EndProjectSection
EndProject
Project("{2150E333-8FDC-42A3-9474-1A3956D46DE8}") = "ps", "ps", "{5245149C-E13A-41FE-B8CA-3AB4E7901FE6}"
	ProjectSection(SolutionItems) = preProject
		..\build.bat = ..\build.bat
		..\build.ps1 = ..\build.ps1
		..\default.ps1 = ..\default.ps1
		..\extras.psm1 = ..\extras.psm1
		..\nuget_push.bat = ..\nuget_push.bat
	EndProjectSection
EndProject
Project("{FAE04EC0-301F-11D3-BF4B-00C04F79EFBC}") = "Carrot.BasicSample", "Carrot.BasicSample\Carrot.BasicSample.csproj", "{5CB307FF-EAF7-4C76-9AB3-06213733588A}"
EndProject
Project("{2150E333-8FDC-42A3-9474-1A3956D46DE8}") = "samples", "samples", "{7FE6A34A-6B83-4708-B656-0AA52A677E2C}"
EndProject
Project("{2150E333-8FDC-42A3-9474-1A3956D46DE8}") = "contrib", "contrib", "{11F6A2E7-DFFB-4617-83B2-8BE76F4D5AA6}"
EndProject
Project("{FAE04EC0-301F-11D3-BF4B-00C04F79EFBC}") = "Carrot.log4net", "Carrot.log4net\Carrot.log4net.csproj", "{1A83CAB0-ABC7-44CE-8F08-DA7BF9418AF7}"
EndProject
Global
	GlobalSection(SolutionConfigurationPlatforms) = preSolution
		Debug|Any CPU = Debug|Any CPU
		Release|Any CPU = Release|Any CPU
	EndGlobalSection
	GlobalSection(ProjectConfigurationPlatforms) = postSolution
		{0C4F49E6-F192-4846-A489-9AA73D57B13D}.Debug|Any CPU.ActiveCfg = Debug|Any CPU
		{0C4F49E6-F192-4846-A489-9AA73D57B13D}.Debug|Any CPU.Build.0 = Debug|Any CPU
		{0C4F49E6-F192-4846-A489-9AA73D57B13D}.Release|Any CPU.ActiveCfg = Release|Any CPU
		{0C4F49E6-F192-4846-A489-9AA73D57B13D}.Release|Any CPU.Build.0 = Release|Any CPU
		{8A2BFFB3-5189-4A7B-A032-17BBFCC4E93C}.Debug|Any CPU.ActiveCfg = Debug|Any CPU
		{8A2BFFB3-5189-4A7B-A032-17BBFCC4E93C}.Debug|Any CPU.Build.0 = Debug|Any CPU
		{8A2BFFB3-5189-4A7B-A032-17BBFCC4E93C}.Release|Any CPU.ActiveCfg = Release|Any CPU
		{8A2BFFB3-5189-4A7B-A032-17BBFCC4E93C}.Release|Any CPU.Build.0 = Release|Any CPU
		{5CB307FF-EAF7-4C76-9AB3-06213733588A}.Debug|Any CPU.ActiveCfg = Debug|Any CPU
		{5CB307FF-EAF7-4C76-9AB3-06213733588A}.Debug|Any CPU.Build.0 = Debug|Any CPU
		{5CB307FF-EAF7-4C76-9AB3-06213733588A}.Release|Any CPU.ActiveCfg = Release|Any CPU
		{5CB307FF-EAF7-4C76-9AB3-06213733588A}.Release|Any CPU.Build.0 = Release|Any CPU
		{1A83CAB0-ABC7-44CE-8F08-DA7BF9418AF7}.Debug|Any CPU.ActiveCfg = Debug|Any CPU
		{1A83CAB0-ABC7-44CE-8F08-DA7BF9418AF7}.Debug|Any CPU.Build.0 = Debug|Any CPU
		{1A83CAB0-ABC7-44CE-8F08-DA7BF9418AF7}.Release|Any CPU.ActiveCfg = Release|Any CPU
		{1A83CAB0-ABC7-44CE-8F08-DA7BF9418AF7}.Release|Any CPU.Build.0 = Release|Any CPU
	EndGlobalSection
	GlobalSection(SolutionProperties) = preSolution
		HideSolutionNode = FALSE
	EndGlobalSection
	GlobalSection(NestedProjects) = preSolution
		{5245149C-E13A-41FE-B8CA-3AB4E7901FE6} = {684A9AC5-4E09-49CA-B18F-37D04356E2F5}
		{5CB307FF-EAF7-4C76-9AB3-06213733588A} = {7FE6A34A-6B83-4708-B656-0AA52A677E2C}
		{1A83CAB0-ABC7-44CE-8F08-DA7BF9418AF7} = {11F6A2E7-DFFB-4617-83B2-8BE76F4D5AA6}
	EndGlobalSection
EndGlobal
